
Microsoft Visual Studio Solution File, Format Version 12.00
# Visual Studio 15
VisualStudioVersion = 15.0.28307.960
MinimumVisualStudioVersion = 10.0.40219.1
Project("{FAE04EC0-301F-11D3-BF4B-00C04F79EFBC}") = "DCC.CRM.Utils.GetEntityValue", "DCC.CRM.Utils.GetEntityValue\DCC.CRM.Utils.GetEntityValue.csproj", "{7F5C7248-FE6D-4C08-B12E-95952B6C82DA}"
EndProject
Global
	GlobalSection(SolutionConfigurationPlatforms) = preSolution
		Debug|Any CPU = Debug|Any CPU
		Release|Any CPU = Release|Any CPU
	EndGlobalSection
	GlobalSection(ProjectConfigurationPlatforms) = postSolution
		{7F5C7248-FE6D-4C08-B12E-95952B6C82DA}.Debug|Any CPU.ActiveCfg = Debug|Any CPU
		{7F5C7248-FE6D-4C08-B12E-95952B6C82DA}.Debug|Any CPU.Build.0 = Debug|Any CPU
		{7F5C7248-FE6D-4C08-B12E-95952B6C82DA}.Release|Any CPU.ActiveCfg = Release|Any CPU
		{7F5C7248-FE6D-4C08-B12E-95952B6C82DA}.Release|Any CPU.Build.0 = Release|Any CPU
	EndGlobalSection
	GlobalSection(SolutionProperties) = preSolution
		HideSolutionNode = FALSE
	EndGlobalSection
	GlobalSection(ExtensibilityGlobals) = postSolution
		SolutionGuid = {56AF3F5E-8D7F-4B3F-82FD-C43E02E3DC50}
	EndGlobalSection
EndGlobal
